
Microsoft Visual Studio Solution File, Format Version 12.00
# Visual Studio Version 16
VisualStudioVersion = 16.0.30804.86
MinimumVisualStudioVersion = 10.0.40219.1
Project("{9A19103F-16F7-4668-BE54-9A1E7A4F7556}") = "Vet", "Vet\Vet.csproj", "{DBDEC611-8878-49BD-8F75-B71E34A661FB}"
EndProject
Project("{FAE04EC0-301F-11D3-BF4B-00C04F79EFBC}") = "Vet.Domain", "Vet.Domain\Vet.Domain.csproj", "{BCDBCD46-F12B-4703-8D5A-867E41BF8845}"
EndProject
Global
	GlobalSection(SolutionConfigurationPlatforms) = preSolution
		Debug|Any CPU = Debug|Any CPU
		Release|Any CPU = Release|Any CPU
	EndGlobalSection
	GlobalSection(ProjectConfigurationPlatforms) = postSolution
		{DBDEC611-8878-49BD-8F75-B71E34A661FB}.Debug|Any CPU.ActiveCfg = Debug|Any CPU
		{DBDEC611-8878-49BD-8F75-B71E34A661FB}.Debug|Any CPU.Build.0 = Debug|Any CPU
		{DBDEC611-8878-49BD-8F75-B71E34A661FB}.Release|Any CPU.ActiveCfg = Release|Any CPU
		{DBDEC611-8878-49BD-8F75-B71E34A661FB}.Release|Any CPU.Build.0 = Release|Any CPU
		{BCDBCD46-F12B-4703-8D5A-867E41BF8845}.Debug|Any CPU.ActiveCfg = Debug|Any CPU
		{BCDBCD46-F12B-4703-8D5A-867E41BF8845}.Debug|Any CPU.Build.0 = Debug|Any CPU
		{BCDBCD46-F12B-4703-8D5A-867E41BF8845}.Release|Any CPU.ActiveCfg = Release|Any CPU
		{BCDBCD46-F12B-4703-8D5A-867E41BF8845}.Release|Any CPU.Build.0 = Release|Any CPU
	EndGlobalSection
	GlobalSection(SolutionProperties) = preSolution
		HideSolutionNode = FALSE
	EndGlobalSection
	GlobalSection(ExtensibilityGlobals) = postSolution
		SolutionGuid = {DD61DC98-D1E0-4957-8F12-832979F98403}
	EndGlobalSection
EndGlobal
